
Microsoft Visual Studio Solution File, Format Version 12.00
# Visual Studio Version 17
VisualStudioVersion = 17.13.35931.197
MinimumVisualStudioVersion = 10.0.40219.1
Project("{2150E333-8FDC-42A3-9474-1A3956D46DE8}") = "src", "src", "{02EA681E-C7D8-13C7-8484-4AC65E1B71E8}"
EndProject
Project("{2150E333-8FDC-42A3-9474-1A3956D46DE8}") = "ui", "ui", "{DBEA4850-3642-45B0-8A9A-31D4A175FB65}"
EndProject
Project("{FAE04EC0-301F-11D3-BF4B-00C04F79EFBC}") = "CompanyService.API", "CompanyService.API\CompanyService.API.csproj", "{09EE5230-ECC7-466C-BFF7-A57C1F067A24}"
EndProject
Project("{FAE04EC0-301F-11D3-BF4B-00C04F79EFBC}") = "CountryService.API", "CountryService.API\CountryService.API.csproj", "{0DD3CC8F-76BA-44FA-BCF8-DB155A6408F2}"
EndProject
Project("{FAE04EC0-301F-11D3-BF4B-00C04F79EFBC}") = "SchoolPortal.Common", "SchoolPortal.Common\SchoolPortal.Common.csproj", "{B136C826-F246-4BDA-BA30-D7181CE46C02}"
EndProject
Project("{FAE04EC0-301F-11D3-BF4B-00C04F79EFBC}") = "StateService.API", "StateService.API\StateService.API.csproj", "{471C59AE-E0EA-4D06-929E-ECF89E758F86}"
EndProject
Project("{FAE04EC0-301F-11D3-BF4B-00C04F79EFBC}") = "CityService.API", "CityService.API\CityService.API.csproj", "{110715DB-B1F3-45BF-A535-A86448AB4024}"
EndProject
Project("{FAE04EC0-301F-11D3-BF4B-00C04F79EFBC}") = "UserDetailsService.API", "UserDetailsService.API\UserDetailsService.API.csproj", "{C62639F1-B477-49C7-B949-07D8BEEBC734}"
EndProject
Project("{FAE04EC0-301F-11D3-BF4B-00C04F79EFBC}") = "ApiGateway.API", "ApiGateway.API\ApiGateway.API.csproj", "{8F4209CB-FE3E-497A-AD47-D44819EE02A2}"
	ProjectSection(ProjectDependencies) = postProject
		{09EE5230-ECC7-466C-BFF7-A57C1F067A24} = {09EE5230-ECC7-466C-BFF7-A57C1F067A24}
		{0DD3CC8F-76BA-44FA-BCF8-DB155A6408F2} = {0DD3CC8F-76BA-44FA-BCF8-DB155A6408F2}
		{110715DB-B1F3-45BF-A535-A86448AB4024} = {110715DB-B1F3-45BF-A535-A86448AB4024}
		{471C59AE-E0EA-4D06-929E-ECF89E758F86} = {471C59AE-E0EA-4D06-929E-ECF89E758F86}
		{C62639F1-B477-49C7-B949-07D8BEEBC734} = {C62639F1-B477-49C7-B949-07D8BEEBC734}
	EndProjectSection
EndProject
Project("{2150E333-8FDC-42A3-9474-1A3956D46DE8}") = "DatabaseScripts", "DatabaseScripts", "{566982B1-55A3-42E0-96E6-056CFDBD15A3}"
EndProject
Project("{2150E333-8FDC-42A3-9474-1A3956D46DE8}") = "Tables", "Tables", "{9BA2C71E-1E5F-4C8A-8575-3C3744BBC0C0}"
	ProjectSection(SolutionItems) = preProject
		..\DatabaseScripts\dbo.AssesmentMaster.Table.sql = ..\DatabaseScripts\dbo.AssesmentMaster.Table.sql
		..\DatabaseScripts\dbo.AttendanceReasonMaster.Table.sql = ..\DatabaseScripts\dbo.AttendanceReasonMaster.Table.sql
		..\DatabaseScripts\dbo.AuthorMaster.Table.sql = ..\DatabaseScripts\dbo.AuthorMaster.Table.sql
		..\DatabaseScripts\dbo.BillDetails.Table.sql = ..\DatabaseScripts\dbo.BillDetails.Table.sql
		..\DatabaseScripts\dbo.BillMaster.Table.sql = ..\DatabaseScripts\dbo.BillMaster.Table.sql
		..\DatabaseScripts\dbo.BloodGroupMaster.Table.sql = ..\DatabaseScripts\dbo.BloodGroupMaster.Table.sql
		..\DatabaseScripts\dbo.BookCategoryMaster.Table.sql = ..\DatabaseScripts\dbo.BookCategoryMaster.Table.sql
		..\DatabaseScripts\dbo.BookMaster.Table.sql = ..\DatabaseScripts\dbo.BookMaster.Table.sql
		..\DatabaseScripts\dbo.BookTransactionDetails.Table.sql = ..\DatabaseScripts\dbo.BookTransactionDetails.Table.sql
		..\DatabaseScripts\dbo.BookTransactionType.Table.sql = ..\DatabaseScripts\dbo.BookTransactionType.Table.sql
		..\DatabaseScripts\dbo.BookTypeMaster.Table.sql = ..\DatabaseScripts\dbo.BookTypeMaster.Table.sql
		..\DatabaseScripts\dbo.CategoryMaster.Table.sql = ..\DatabaseScripts\dbo.CategoryMaster.Table.sql
		..\DatabaseScripts\dbo.CityMaster.Table.sql = ..\DatabaseScripts\dbo.CityMaster.Table.sql
		..\DatabaseScripts\dbo.ClassMaster.Table.sql = ..\DatabaseScripts\dbo.ClassMaster.Table.sql
		..\DatabaseScripts\dbo.ClassScholasticDetail.Table.sql = ..\DatabaseScripts\dbo.ClassScholasticDetail.Table.sql
		..\DatabaseScripts\dbo.ClassScholasticDetailHistory.Table.sql = ..\DatabaseScripts\dbo.ClassScholasticDetailHistory.Table.sql
		..\DatabaseScripts\dbo.ClassSectionDetail.Table.sql = ..\DatabaseScripts\dbo.ClassSectionDetail.Table.sql
		..\DatabaseScripts\dbo.ClassSMSTasksDetails.Table.sql = ..\DatabaseScripts\dbo.ClassSMSTasksDetails.Table.sql
		..\DatabaseScripts\dbo.ClassSubjectDetail.Table.sql = ..\DatabaseScripts\dbo.ClassSubjectDetail.Table.sql
		..\DatabaseScripts\dbo.ClassSubjectDetailHistory.Table.sql = ..\DatabaseScripts\dbo.ClassSubjectDetailHistory.Table.sql
		..\DatabaseScripts\dbo.CleanerMaster.Table.sql = ..\DatabaseScripts\dbo.CleanerMaster.Table.sql
		..\DatabaseScripts\dbo.CompanyMaster.Table.sql = ..\DatabaseScripts\dbo.CompanyMaster.Table.sql
		..\DatabaseScripts\dbo.CountryMaster.Table.sql = ..\DatabaseScripts\dbo.CountryMaster.Table.sql
		..\DatabaseScripts\dbo.DeptDesigDetails.Table.sql = ..\DatabaseScripts\dbo.DeptDesigDetails.Table.sql
		..\DatabaseScripts\dbo.DeptMaster.Table.sql = ..\DatabaseScripts\dbo.DeptMaster.Table.sql
		..\DatabaseScripts\dbo.DesigGradeDetails.Table.sql = ..\DatabaseScripts\dbo.DesigGradeDetails.Table.sql
		..\DatabaseScripts\dbo.DesigMaster.Table.sql = ..\DatabaseScripts\dbo.DesigMaster.Table.sql
		..\DatabaseScripts\dbo.DriverMaster.Table.sql = ..\DatabaseScripts\dbo.DriverMaster.Table.sql
		..\DatabaseScripts\dbo.EmpAttendanceDetails.Table.sql = ..\DatabaseScripts\dbo.EmpAttendanceDetails.Table.sql
		..\DatabaseScripts\dbo.EmpAttendanceDetailsHistory.Table.sql = ..\DatabaseScripts\dbo.EmpAttendanceDetailsHistory.Table.sql
		..\DatabaseScripts\dbo.EmpCatLeaveDetailsHistory.Table.sql = ..\DatabaseScripts\dbo.EmpCatLeaveDetailsHistory.Table.sql
		..\DatabaseScripts\dbo.EmpDocumentDetails.Table.sql = ..\DatabaseScripts\dbo.EmpDocumentDetails.Table.sql
		..\DatabaseScripts\dbo.EmpLeaveAvailDetails.Table.sql = ..\DatabaseScripts\dbo.EmpLeaveAvailDetails.Table.sql
		..\DatabaseScripts\dbo.EmpLeaveDetails.Table.sql = ..\DatabaseScripts\dbo.EmpLeaveDetails.Table.sql
		..\DatabaseScripts\dbo.EmpLeaveDetailsHistory.Table.sql = ..\DatabaseScripts\dbo.EmpLeaveDetailsHistory.Table.sql
		..\DatabaseScripts\dbo.EmployeeCategoryMaster.Table.sql = ..\DatabaseScripts\dbo.EmployeeCategoryMaster.Table.sql
		..\DatabaseScripts\dbo.EmployeeCatLeaveDetails.Table.sql = ..\DatabaseScripts\dbo.EmployeeCatLeaveDetails.Table.sql
		..\DatabaseScripts\dbo.EmpMaster.Table.sql = ..\DatabaseScripts\dbo.EmpMaster.Table.sql
		..\DatabaseScripts\dbo.EmpProfQualIdetails.Table.sql = ..\DatabaseScripts\dbo.EmpProfQualIdetails.Table.sql
		..\DatabaseScripts\dbo.EmpSalaryDetails.Table.sql = ..\DatabaseScripts\dbo.EmpSalaryDetails.Table.sql
		..\DatabaseScripts\dbo.EmpSalaryDetailsHistory.Table.sql = ..\DatabaseScripts\dbo.EmpSalaryDetailsHistory.Table.sql
		..\DatabaseScripts\dbo.EmpSalaryMaster.Table.sql = ..\DatabaseScripts\dbo.EmpSalaryMaster.Table.sql
		..\DatabaseScripts\dbo.EmpSalaryMasterHistory.Table.sql = ..\DatabaseScripts\dbo.EmpSalaryMasterHistory.Table.sql
		..\DatabaseScripts\dbo.EmpSalaryStructureDetails.Table.sql = ..\DatabaseScripts\dbo.EmpSalaryStructureDetails.Table.sql
		..\DatabaseScripts\dbo.EmpSalaryStructureDetailsHistory.Table.sql = ..\DatabaseScripts\dbo.EmpSalaryStructureDetailsHistory.Table.sql
		..\DatabaseScripts\dbo.EmpTypeMaster.Table.sql = ..\DatabaseScripts\dbo.EmpTypeMaster.Table.sql
		..\DatabaseScripts\dbo.ExamCategoryMaster.Table.sql = ..\DatabaseScripts\dbo.ExamCategoryMaster.Table.sql
		..\DatabaseScripts\dbo.ExamUnitMaster.Table.sql = ..\DatabaseScripts\dbo.ExamUnitMaster.Table.sql
		..\DatabaseScripts\dbo.ExpenseCategoryMaster.Table.sql = ..\DatabaseScripts\dbo.ExpenseCategoryMaster.Table.sql
		..\DatabaseScripts\dbo.FeeClassDetails.Table.sql = ..\DatabaseScripts\dbo.FeeClassDetails.Table.sql
		..\DatabaseScripts\dbo.FeeClassDetailsHistory.Table.sql = ..\DatabaseScripts\dbo.FeeClassDetailsHistory.Table.sql
		..\DatabaseScripts\dbo.FeesCategoryMaster.Table.sql = ..\DatabaseScripts\dbo.FeesCategoryMaster.Table.sql
		..\DatabaseScripts\dbo.FeesDiscountCategoryMaster.Table.sql = ..\DatabaseScripts\dbo.FeesDiscountCategoryMaster.Table.sql
		..\DatabaseScripts\dbo.GenderMaster.Table.sql = ..\DatabaseScripts\dbo.GenderMaster.Table.sql
		..\DatabaseScripts\dbo.GradeMaster.Table.sql = ..\DatabaseScripts\dbo.GradeMaster.Table.sql
		..\DatabaseScripts\dbo.HolidayClassDetails.Table.sql = ..\DatabaseScripts\dbo.HolidayClassDetails.Table.sql
		..\DatabaseScripts\dbo.HolidayDeptDetails.Table.sql = ..\DatabaseScripts\dbo.HolidayDeptDetails.Table.sql
		..\DatabaseScripts\dbo.HolidayMaster.Table.sql = ..\DatabaseScripts\dbo.HolidayMaster.Table.sql
		..\DatabaseScripts\dbo.HolidayTypeMaster.Table.sql = ..\DatabaseScripts\dbo.HolidayTypeMaster.Table.sql
		..\DatabaseScripts\dbo.InventoryMaster.Table.sql = ..\DatabaseScripts\dbo.InventoryMaster.Table.sql
		..\DatabaseScripts\dbo.ItemLocationMaster.Table.sql = ..\DatabaseScripts\dbo.ItemLocationMaster.Table.sql
		..\DatabaseScripts\dbo.ItemMaster.Table.sql = ..\DatabaseScripts\dbo.ItemMaster.Table.sql
		..\DatabaseScripts\dbo.ItemTypeMaster.Table.sql = ..\DatabaseScripts\dbo.ItemTypeMaster.Table.sql
		..\DatabaseScripts\dbo.LeaveStatusMaster.Table.sql = ..\DatabaseScripts\dbo.LeaveStatusMaster.Table.sql
		..\DatabaseScripts\dbo.LeaveTypeMaster.Table.sql = ..\DatabaseScripts\dbo.LeaveTypeMaster.Table.sql
		..\DatabaseScripts\dbo.LocationMaster.Table.sql = ..\DatabaseScripts\dbo.LocationMaster.Table.sql
		..\DatabaseScripts\dbo.MarksGradeMaster.Table.sql = ..\DatabaseScripts\dbo.MarksGradeMaster.Table.sql
		..\DatabaseScripts\dbo.NotificationReceiverMaster.Table.sql = ..\DatabaseScripts\dbo.NotificationReceiverMaster.Table.sql
		..\DatabaseScripts\dbo.ParentMaster.Table.sql = ..\DatabaseScripts\dbo.ParentMaster.Table.sql
		..\DatabaseScripts\dbo.PaymentModeMaster.Table.sql = ..\DatabaseScripts\dbo.PaymentModeMaster.Table.sql
		..\DatabaseScripts\dbo.Privileges.Table.sql = ..\DatabaseScripts\dbo.Privileges.Table.sql
		..\DatabaseScripts\dbo.ProfessionMaster.Table.sql = ..\DatabaseScripts\dbo.ProfessionMaster.Table.sql
		..\DatabaseScripts\dbo.PublisherMaster.Table.sql = ..\DatabaseScripts\dbo.PublisherMaster.Table.sql
		..\DatabaseScripts\dbo.QualificationMaster.Table.sql = ..\DatabaseScripts\dbo.QualificationMaster.Table.sql
		..\DatabaseScripts\dbo.RegistrationMaster.Table.sql = ..\DatabaseScripts\dbo.RegistrationMaster.Table.sql
		..\DatabaseScripts\dbo.ReligionMaster.Table.sql = ..\DatabaseScripts\dbo.ReligionMaster.Table.sql
		..\DatabaseScripts\dbo.RoleMaster.Table.sql = ..\DatabaseScripts\dbo.RoleMaster.Table.sql
		..\DatabaseScripts\dbo.RolePrivileges.Table.sql = ..\DatabaseScripts\dbo.RolePrivileges.Table.sql
		..\DatabaseScripts\dbo.RouteDetails.Table.sql = ..\DatabaseScripts\dbo.RouteDetails.Table.sql
		..\DatabaseScripts\dbo.RouteMaster.Table.sql = ..\DatabaseScripts\dbo.RouteMaster.Table.sql
		..\DatabaseScripts\dbo.RouteStopDetails.Table.sql = ..\DatabaseScripts\dbo.RouteStopDetails.Table.sql
		..\DatabaseScripts\dbo.SalaryDesigGradeDetails.Table.sql = ..\DatabaseScripts\dbo.SalaryDesigGradeDetails.Table.sql
		..\DatabaseScripts\dbo.SalaryDesigGradeDetailsHistory.Table.sql = ..\DatabaseScripts\dbo.SalaryDesigGradeDetailsHistory.Table.sql
		..\DatabaseScripts\dbo.SalaryHeadMaster.Table.sql = ..\DatabaseScripts\dbo.SalaryHeadMaster.Table.sql
		..\DatabaseScripts\dbo.ScholasticMaster.Table.sql = ..\DatabaseScripts\dbo.ScholasticMaster.Table.sql
		..\DatabaseScripts\dbo.ScholasticMasterHistory.Table.sql = ..\DatabaseScripts\dbo.ScholasticMasterHistory.Table.sql
		..\DatabaseScripts\dbo.ScholasticUnitDetail.Table.sql = ..\DatabaseScripts\dbo.ScholasticUnitDetail.Table.sql
		..\DatabaseScripts\dbo.ScholasticUnitDetailHistory.Table.sql = ..\DatabaseScripts\dbo.ScholasticUnitDetailHistory.Table.sql
		..\DatabaseScripts\dbo.SchoolContactMaster.Table.sql = ..\DatabaseScripts\dbo.SchoolContactMaster.Table.sql
		..\DatabaseScripts\dbo.SchoolMaster.Table.sql = ..\DatabaseScripts\dbo.SchoolMaster.Table.sql
		..\DatabaseScripts\dbo.SectionMaster.Table.sql = ..\DatabaseScripts\dbo.SectionMaster.Table.sql
		..\DatabaseScripts\dbo.SessionMaster.Table.sql = ..\DatabaseScripts\dbo.SessionMaster.Table.sql
		..\DatabaseScripts\dbo.SMSTask.Table.sql = ..\DatabaseScripts\dbo.SMSTask.Table.sql
		..\DatabaseScripts\dbo.SMSTaskHistory.Table.sql = ..\DatabaseScripts\dbo.SMSTaskHistory.Table.sql
		..\DatabaseScripts\dbo.SMSTaskSchedule.Table.sql = ..\DatabaseScripts\dbo.SMSTaskSchedule.Table.sql
		..\DatabaseScripts\dbo.SMSTaskSmtpDetails.Table.sql = ..\DatabaseScripts\dbo.SMSTaskSmtpDetails.Table.sql
		..\DatabaseScripts\dbo.SMSTaskStatusMaster.Table.sql = ..\DatabaseScripts\dbo.SMSTaskStatusMaster.Table.sql
		..\DatabaseScripts\dbo.SmtpDetails.Table.sql = ..\DatabaseScripts\dbo.SmtpDetails.Table.sql
		..\DatabaseScripts\dbo.StateMaster.Table.sql = ..\DatabaseScripts\dbo.StateMaster.Table.sql
		..\DatabaseScripts\dbo.StudentAchievements.Table.sql = ..\DatabaseScripts\dbo.StudentAchievements.Table.sql
		..\DatabaseScripts\dbo.StudentAttendanceDetails.Table.sql = ..\DatabaseScripts\dbo.StudentAttendanceDetails.Table.sql
		..\DatabaseScripts\dbo.StudentAttendanceDetailsHistory.Table.sql = ..\DatabaseScripts\dbo.StudentAttendanceDetailsHistory.Table.sql
		..\DatabaseScripts\dbo.StudentCommentDetails.Table.sql = ..\DatabaseScripts\dbo.StudentCommentDetails.Table.sql
		..\DatabaseScripts\dbo.StudentCommentDetailsHistory.Table.sql = ..\DatabaseScripts\dbo.StudentCommentDetailsHistory.Table.sql
		..\DatabaseScripts\dbo.StudentFeeDetails.Table.sql = ..\DatabaseScripts\dbo.StudentFeeDetails.Table.sql
		..\DatabaseScripts\dbo.StudentFeeDetailsHistory.Table.sql = ..\DatabaseScripts\dbo.StudentFeeDetailsHistory.Table.sql
		..\DatabaseScripts\dbo.StudentGradeDetails.Table.sql = ..\DatabaseScripts\dbo.StudentGradeDetails.Table.sql
		..\DatabaseScripts\dbo.StudentGradeDetailsHistory.Table.sql = ..\DatabaseScripts\dbo.StudentGradeDetailsHistory.Table.sql
		..\DatabaseScripts\dbo.StudentMarksDetails.Table.sql = ..\DatabaseScripts\dbo.StudentMarksDetails.Table.sql
		..\DatabaseScripts\dbo.StudentMarksDetailsHistory.Table.sql = ..\DatabaseScripts\dbo.StudentMarksDetailsHistory.Table.sql
		..\DatabaseScripts\dbo.StudentMaster.Table.sql = ..\DatabaseScripts\dbo.StudentMaster.Table.sql
		..\DatabaseScripts\dbo.StudentMasterHistory.Table.sql = ..\DatabaseScripts\dbo.StudentMasterHistory.Table.sql
		..\DatabaseScripts\dbo.StudentReportCardDetails.Table.sql = ..\DatabaseScripts\dbo.StudentReportCardDetails.Table.sql
		..\DatabaseScripts\dbo.StudentReportCardDetailsHistory.Table.sql = ..\DatabaseScripts\dbo.StudentReportCardDetailsHistory.Table.sql
		..\DatabaseScripts\dbo.StudentReportCardMaster.Table.sql = ..\DatabaseScripts\dbo.StudentReportCardMaster.Table.sql
		..\DatabaseScripts\dbo.StudentReportCardMasterHistory.Table.sql = ..\DatabaseScripts\dbo.StudentReportCardMasterHistory.Table.sql
		..\DatabaseScripts\dbo.SubjectCategoryDetails.Table.sql = ..\DatabaseScripts\dbo.SubjectCategoryDetails.Table.sql
		..\DatabaseScripts\dbo.SubjectCategoryDetailsHistory.Table.sql = ..\DatabaseScripts\dbo.SubjectCategoryDetailsHistory.Table.sql
		..\DatabaseScripts\dbo.SubjectMaster.Table.sql = ..\DatabaseScripts\dbo.SubjectMaster.Table.sql
		..\DatabaseScripts\dbo.SupplierMaster.Table.sql = ..\DatabaseScripts\dbo.SupplierMaster.Table.sql
		..\DatabaseScripts\dbo.TeacherClassDetails.Table.sql = ..\DatabaseScripts\dbo.TeacherClassDetails.Table.sql
		..\DatabaseScripts\dbo.TeacherDocumentDetails.Table.sql = ..\DatabaseScripts\dbo.TeacherDocumentDetails.Table.sql
		..\DatabaseScripts\dbo.TeacherMaster.Table.sql = ..\DatabaseScripts\dbo.TeacherMaster.Table.sql
		..\DatabaseScripts\dbo.TeacherQualificationDetails.Table.sql = ..\DatabaseScripts\dbo.TeacherQualificationDetails.Table.sql
		..\DatabaseScripts\dbo.TeacherSectionDetails.Table.sql = ..\DatabaseScripts\dbo.TeacherSectionDetails.Table.sql
		..\DatabaseScripts\dbo.TeacherSubjectDetails.Table.sql = ..\DatabaseScripts\dbo.TeacherSubjectDetails.Table.sql
		..\DatabaseScripts\dbo.TimeTableClassPeriodDetails.Table.sql = ..\DatabaseScripts\dbo.TimeTableClassPeriodDetails.Table.sql
		..\DatabaseScripts\dbo.TimeTableClassPeriodDetailsHistory.Table.sql = ..\DatabaseScripts\dbo.TimeTableClassPeriodDetailsHistory.Table.sql
		..\DatabaseScripts\dbo.TimeTableDetailsHistory.Table.sql = ..\DatabaseScripts\dbo.TimeTableDetailsHistory.Table.sql
		..\DatabaseScripts\dbo.TimeTablePeriodMaster.Table.sql = ..\DatabaseScripts\dbo.TimeTablePeriodMaster.Table.sql
		..\DatabaseScripts\dbo.TimeTablePeriodMasterHistory.Table.sql = ..\DatabaseScripts\dbo.TimeTablePeriodMasterHistory.Table.sql
		..\DatabaseScripts\dbo.TimeTableSessions.Table.sql = ..\DatabaseScripts\dbo.TimeTableSessions.Table.sql
		..\DatabaseScripts\dbo.TimeTableSetupDetails.Table.sql = ..\DatabaseScripts\dbo.TimeTableSetupDetails.Table.sql
		..\DatabaseScripts\dbo.TimeTableSetupDetailsHistory.Table.sql = ..\DatabaseScripts\dbo.TimeTableSetupDetailsHistory.Table.sql
		..\DatabaseScripts\dbo.TimeTableSubstitutionDetailsHistory.Table.sql = ..\DatabaseScripts\dbo.TimeTableSubstitutionDetailsHistory.Table.sql
		..\DatabaseScripts\dbo.UserDetails.Table.sql = ..\DatabaseScripts\dbo.UserDetails.Table.sql
		..\DatabaseScripts\dbo.VehicleExpenseDetails.Table.sql = ..\DatabaseScripts\dbo.VehicleExpenseDetails.Table.sql
		..\DatabaseScripts\dbo.VehicleMaster.Table.sql = ..\DatabaseScripts\dbo.VehicleMaster.Table.sql
		..\DatabaseScripts\dbo.VendorMaster.Table.sql = ..\DatabaseScripts\dbo.VendorMaster.Table.sql
		..\DatabaseScripts\dbo.VisitorMaster.Table.sql = ..\DatabaseScripts\dbo.VisitorMaster.Table.sql
		..\DatabaseScripts\dbo.VoucherMaster.Table.sql = ..\DatabaseScripts\dbo.VoucherMaster.Table.sql
	EndProjectSection
EndProject
Project("{FAE04EC0-301F-11D3-BF4B-00C04F79EFBC}") = "SchoolService.API", "SchoolService.API\SchoolService.API.csproj", "{A181510F-4F1F-5B29-EC9D-210046941C1B}"
EndProject
Project("{FAE04EC0-301F-11D3-BF4B-00C04F79EFBC}") = "SchoolPortal.UI", "SchoolPortal.UI\SchoolPortal.UI.csproj", "{A173C173-DE43-41A0-B359-180161504DA4}"
EndProject
Global
	GlobalSection(SolutionConfigurationPlatforms) = preSolution
		Debug|Any CPU = Debug|Any CPU
		Debug|x64 = Debug|x64
		Debug|x86 = Debug|x86
		Release|Any CPU = Release|Any CPU
		Release|x64 = Release|x64
		Release|x86 = Release|x86
	EndGlobalSection
	GlobalSection(ProjectConfigurationPlatforms) = postSolution
		{09EE5230-ECC7-466C-BFF7-A57C1F067A24}.Debug|Any CPU.ActiveCfg = Debug|Any CPU
		{09EE5230-ECC7-466C-BFF7-A57C1F067A24}.Debug|Any CPU.Build.0 = Debug|Any CPU
		{09EE5230-ECC7-466C-BFF7-A57C1F067A24}.Debug|x64.ActiveCfg = Debug|Any CPU
		{09EE5230-ECC7-466C-BFF7-A57C1F067A24}.Debug|x64.Build.0 = Debug|Any CPU
		{09EE5230-ECC7-466C-BFF7-A57C1F067A24}.Debug|x86.ActiveCfg = Debug|Any CPU
		{09EE5230-ECC7-466C-BFF7-A57C1F067A24}.Debug|x86.Build.0 = Debug|Any CPU
		{09EE5230-ECC7-466C-BFF7-A57C1F067A24}.Release|Any CPU.ActiveCfg = Release|Any CPU
		{09EE5230-ECC7-466C-BFF7-A57C1F067A24}.Release|Any CPU.Build.0 = Release|Any CPU
		{09EE5230-ECC7-466C-BFF7-A57C1F067A24}.Release|x64.ActiveCfg = Release|Any CPU
		{09EE5230-ECC7-466C-BFF7-A57C1F067A24}.Release|x64.Build.0 = Release|Any CPU
		{09EE5230-ECC7-466C-BFF7-A57C1F067A24}.Release|x86.ActiveCfg = Release|Any CPU
		{09EE5230-ECC7-466C-BFF7-A57C1F067A24}.Release|x86.Build.0 = Release|Any CPU
		{0DD3CC8F-76BA-44FA-BCF8-DB155A6408F2}.Debug|Any CPU.ActiveCfg = Debug|Any CPU
		{0DD3CC8F-76BA-44FA-BCF8-DB155A6408F2}.Debug|Any CPU.Build.0 = Debug|Any CPU
		{0DD3CC8F-76BA-44FA-BCF8-DB155A6408F2}.Debug|x64.ActiveCfg = Debug|Any CPU
		{0DD3CC8F-76BA-44FA-BCF8-DB155A6408F2}.Debug|x64.Build.0 = Debug|Any CPU
		{0DD3CC8F-76BA-44FA-BCF8-DB155A6408F2}.Debug|x86.ActiveCfg = Debug|Any CPU
		{0DD3CC8F-76BA-44FA-BCF8-DB155A6408F2}.Debug|x86.Build.0 = Debug|Any CPU
		{0DD3CC8F-76BA-44FA-BCF8-DB155A6408F2}.Release|Any CPU.ActiveCfg = Release|Any CPU
		{0DD3CC8F-76BA-44FA-BCF8-DB155A6408F2}.Release|Any CPU.Build.0 = Release|Any CPU
		{0DD3CC8F-76BA-44FA-BCF8-DB155A6408F2}.Release|x64.ActiveCfg = Release|Any CPU
		{0DD3CC8F-76BA-44FA-BCF8-DB155A6408F2}.Release|x64.Build.0 = Release|Any CPU
		{0DD3CC8F-76BA-44FA-BCF8-DB155A6408F2}.Release|x86.ActiveCfg = Release|Any CPU
		{0DD3CC8F-76BA-44FA-BCF8-DB155A6408F2}.Release|x86.Build.0 = Release|Any CPU
		{B136C826-F246-4BDA-BA30-D7181CE46C02}.Debug|Any CPU.ActiveCfg = Debug|Any CPU
		{B136C826-F246-4BDA-BA30-D7181CE46C02}.Debug|Any CPU.Build.0 = Debug|Any CPU
		{B136C826-F246-4BDA-BA30-D7181CE46C02}.Debug|x64.ActiveCfg = Debug|Any CPU
		{B136C826-F246-4BDA-BA30-D7181CE46C02}.Debug|x64.Build.0 = Debug|Any CPU
		{B136C826-F246-4BDA-BA30-D7181CE46C02}.Debug|x86.ActiveCfg = Debug|Any CPU
		{B136C826-F246-4BDA-BA30-D7181CE46C02}.Debug|x86.Build.0 = Debug|Any CPU
		{B136C826-F246-4BDA-BA30-D7181CE46C02}.Release|Any CPU.ActiveCfg = Release|Any CPU
		{B136C826-F246-4BDA-BA30-D7181CE46C02}.Release|Any CPU.Build.0 = Release|Any CPU
		{B136C826-F246-4BDA-BA30-D7181CE46C02}.Release|x64.ActiveCfg = Release|Any CPU
		{B136C826-F246-4BDA-BA30-D7181CE46C02}.Release|x64.Build.0 = Release|Any CPU
		{B136C826-F246-4BDA-BA30-D7181CE46C02}.Release|x86.ActiveCfg = Release|Any CPU
		{B136C826-F246-4BDA-BA30-D7181CE46C02}.Release|x86.Build.0 = Release|Any CPU
		{471C59AE-E0EA-4D06-929E-ECF89E758F86}.Debug|Any CPU.ActiveCfg = Debug|Any CPU
		{471C59AE-E0EA-4D06-929E-ECF89E758F86}.Debug|Any CPU.Build.0 = Debug|Any CPU
		{471C59AE-E0EA-4D06-929E-ECF89E758F86}.Debug|x64.ActiveCfg = Debug|Any CPU
		{471C59AE-E0EA-4D06-929E-ECF89E758F86}.Debug|x64.Build.0 = Debug|Any CPU
		{471C59AE-E0EA-4D06-929E-ECF89E758F86}.Debug|x86.ActiveCfg = Debug|Any CPU
		{471C59AE-E0EA-4D06-929E-ECF89E758F86}.Debug|x86.Build.0 = Debug|Any CPU
		{471C59AE-E0EA-4D06-929E-ECF89E758F86}.Release|Any CPU.ActiveCfg = Release|Any CPU
		{471C59AE-E0EA-4D06-929E-ECF89E758F86}.Release|Any CPU.Build.0 = Release|Any CPU
		{471C59AE-E0EA-4D06-929E-ECF89E758F86}.Release|x64.ActiveCfg = Release|Any CPU
		{471C59AE-E0EA-4D06-929E-ECF89E758F86}.Release|x64.Build.0 = Release|Any CPU
		{471C59AE-E0EA-4D06-929E-ECF89E758F86}.Release|x86.ActiveCfg = Release|Any CPU
		{471C59AE-E0EA-4D06-929E-ECF89E758F86}.Release|x86.Build.0 = Release|Any CPU
		{110715DB-B1F3-45BF-A535-A86448AB4024}.Debug|Any CPU.ActiveCfg = Debug|Any CPU
		{110715DB-B1F3-45BF-A535-A86448AB4024}.Debug|Any CPU.Build.0 = Debug|Any CPU
		{110715DB-B1F3-45BF-A535-A86448AB4024}.Debug|x64.ActiveCfg = Debug|Any CPU
		{110715DB-B1F3-45BF-A535-A86448AB4024}.Debug|x64.Build.0 = Debug|Any CPU
		{110715DB-B1F3-45BF-A535-A86448AB4024}.Debug|x86.ActiveCfg = Debug|Any CPU
		{110715DB-B1F3-45BF-A535-A86448AB4024}.Debug|x86.Build.0 = Debug|Any CPU
		{110715DB-B1F3-45BF-A535-A86448AB4024}.Release|Any CPU.ActiveCfg = Release|Any CPU
		{110715DB-B1F3-45BF-A535-A86448AB4024}.Release|Any CPU.Build.0 = Release|Any CPU
		{110715DB-B1F3-45BF-A535-A86448AB4024}.Release|x64.ActiveCfg = Release|Any CPU
		{110715DB-B1F3-45BF-A535-A86448AB4024}.Release|x64.Build.0 = Release|Any CPU
		{110715DB-B1F3-45BF-A535-A86448AB4024}.Release|x86.ActiveCfg = Release|Any CPU
		{110715DB-B1F3-45BF-A535-A86448AB4024}.Release|x86.Build.0 = Release|Any CPU
		{C62639F1-B477-49C7-B949-07D8BEEBC734}.Debug|Any CPU.ActiveCfg = Debug|Any CPU
		{C62639F1-B477-49C7-B949-07D8BEEBC734}.Debug|Any CPU.Build.0 = Debug|Any CPU
		{C62639F1-B477-49C7-B949-07D8BEEBC734}.Debug|x64.ActiveCfg = Debug|Any CPU
		{C62639F1-B477-49C7-B949-07D8BEEBC734}.Debug|x64.Build.0 = Debug|Any CPU
		{C62639F1-B477-49C7-B949-07D8BEEBC734}.Debug|x86.ActiveCfg = Debug|Any CPU
		{C62639F1-B477-49C7-B949-07D8BEEBC734}.Debug|x86.Build.0 = Debug|Any CPU
		{C62639F1-B477-49C7-B949-07D8BEEBC734}.Release|Any CPU.ActiveCfg = Release|Any CPU
		{C62639F1-B477-49C7-B949-07D8BEEBC734}.Release|Any CPU.Build.0 = Release|Any CPU
		{C62639F1-B477-49C7-B949-07D8BEEBC734}.Release|x64.ActiveCfg = Release|Any CPU
		{C62639F1-B477-49C7-B949-07D8BEEBC734}.Release|x64.Build.0 = Release|Any CPU
		{C62639F1-B477-49C7-B949-07D8BEEBC734}.Release|x86.ActiveCfg = Release|Any CPU
		{C62639F1-B477-49C7-B949-07D8BEEBC734}.Release|x86.Build.0 = Release|Any CPU
		{8F4209CB-FE3E-497A-AD47-D44819EE02A2}.Debug|Any CPU.ActiveCfg = Debug|Any CPU
		{8F4209CB-FE3E-497A-AD47-D44819EE02A2}.Debug|Any CPU.Build.0 = Debug|Any CPU
		{8F4209CB-FE3E-497A-AD47-D44819EE02A2}.Debug|x64.ActiveCfg = Debug|Any CPU
		{8F4209CB-FE3E-497A-AD47-D44819EE02A2}.Debug|x64.Build.0 = Debug|Any CPU
		{8F4209CB-FE3E-497A-AD47-D44819EE02A2}.Debug|x86.ActiveCfg = Debug|Any CPU
		{8F4209CB-FE3E-497A-AD47-D44819EE02A2}.Debug|x86.Build.0 = Debug|Any CPU
		{8F4209CB-FE3E-497A-AD47-D44819EE02A2}.Release|Any CPU.ActiveCfg = Release|Any CPU
		{8F4209CB-FE3E-497A-AD47-D44819EE02A2}.Release|Any CPU.Build.0 = Release|Any CPU
		{8F4209CB-FE3E-497A-AD47-D44819EE02A2}.Release|x64.ActiveCfg = Release|Any CPU
		{8F4209CB-FE3E-497A-AD47-D44819EE02A2}.Release|x64.Build.0 = Release|Any CPU
		{8F4209CB-FE3E-497A-AD47-D44819EE02A2}.Release|x86.ActiveCfg = Release|Any CPU
		{8F4209CB-FE3E-497A-AD47-D44819EE02A2}.Release|x86.Build.0 = Release|Any CPU
		{A181510F-4F1F-5B29-EC9D-210046941C1B}.Debug|Any CPU.ActiveCfg = Debug|Any CPU
		{A181510F-4F1F-5B29-EC9D-210046941C1B}.Debug|Any CPU.Build.0 = Debug|Any CPU
		{A181510F-4F1F-5B29-EC9D-210046941C1B}.Debug|x64.ActiveCfg = Debug|Any CPU
		{A181510F-4F1F-5B29-EC9D-210046941C1B}.Debug|x64.Build.0 = Debug|Any CPU
		{A181510F-4F1F-5B29-EC9D-210046941C1B}.Debug|x86.ActiveCfg = Debug|Any CPU
		{A181510F-4F1F-5B29-EC9D-210046941C1B}.Debug|x86.Build.0 = Debug|Any CPU
		{A181510F-4F1F-5B29-EC9D-210046941C1B}.Release|Any CPU.ActiveCfg = Release|Any CPU
		{A181510F-4F1F-5B29-EC9D-210046941C1B}.Release|Any CPU.Build.0 = Release|Any CPU
		{A181510F-4F1F-5B29-EC9D-210046941C1B}.Release|x64.ActiveCfg = Release|Any CPU
		{A181510F-4F1F-5B29-EC9D-210046941C1B}.Release|x64.Build.0 = Release|Any CPU
		{A181510F-4F1F-5B29-EC9D-210046941C1B}.Release|x86.ActiveCfg = Release|Any CPU
		{A181510F-4F1F-5B29-EC9D-210046941C1B}.Release|x86.Build.0 = Release|Any CPU
		{A173C173-DE43-41A0-B359-180161504DA4}.Debug|Any CPU.ActiveCfg = Debug|Any CPU
		{A173C173-DE43-41A0-B359-180161504DA4}.Debug|Any CPU.Build.0 = Debug|Any CPU
		{A173C173-DE43-41A0-B359-180161504DA4}.Debug|x64.ActiveCfg = Debug|Any CPU
		{A173C173-DE43-41A0-B359-180161504DA4}.Debug|x64.Build.0 = Debug|Any CPU
		{A173C173-DE43-41A0-B359-180161504DA4}.Debug|x86.ActiveCfg = Debug|Any CPU
		{A173C173-DE43-41A0-B359-180161504DA4}.Debug|x86.Build.0 = Debug|Any CPU
		{A173C173-DE43-41A0-B359-180161504DA4}.Release|Any CPU.ActiveCfg = Release|Any CPU
		{A173C173-DE43-41A0-B359-180161504DA4}.Release|Any CPU.Build.0 = Release|Any CPU
		{A173C173-DE43-41A0-B359-180161504DA4}.Release|x64.ActiveCfg = Release|Any CPU
		{A173C173-DE43-41A0-B359-180161504DA4}.Release|x64.Build.0 = Release|Any CPU
		{A173C173-DE43-41A0-B359-180161504DA4}.Release|x86.ActiveCfg = Release|Any CPU
		{A173C173-DE43-41A0-B359-180161504DA4}.Release|x86.Build.0 = Release|Any CPU
	EndGlobalSection
	GlobalSection(SolutionProperties) = preSolution
		HideSolutionNode = FALSE
	EndGlobalSection
	GlobalSection(NestedProjects) = preSolution
		{09EE5230-ECC7-466C-BFF7-A57C1F067A24} = {02EA681E-C7D8-13C7-8484-4AC65E1B71E8}
		{0DD3CC8F-76BA-44FA-BCF8-DB155A6408F2} = {02EA681E-C7D8-13C7-8484-4AC65E1B71E8}
		{B136C826-F246-4BDA-BA30-D7181CE46C02} = {02EA681E-C7D8-13C7-8484-4AC65E1B71E8}
		{471C59AE-E0EA-4D06-929E-ECF89E758F86} = {02EA681E-C7D8-13C7-8484-4AC65E1B71E8}
		{110715DB-B1F3-45BF-A535-A86448AB4024} = {02EA681E-C7D8-13C7-8484-4AC65E1B71E8}
		{C62639F1-B477-49C7-B949-07D8BEEBC734} = {02EA681E-C7D8-13C7-8484-4AC65E1B71E8}
		{9BA2C71E-1E5F-4C8A-8575-3C3744BBC0C0} = {566982B1-55A3-42E0-96E6-056CFDBD15A3}
		{A181510F-4F1F-5B29-EC9D-210046941C1B} = {02EA681E-C7D8-13C7-8484-4AC65E1B71E8}
		{A173C173-DE43-41A0-B359-180161504DA4} = {DBEA4850-3642-45B0-8A9A-31D4A175FB65}
	EndGlobalSection
	GlobalSection(ExtensibilityGlobals) = postSolution
		SolutionGuid = {44F846B4-58E1-4102-A246-3FA15531434B}
	EndGlobalSection
EndGlobal
